
Microsoft Visual Studio Solution File, Format Version 12.00
# Visual Studio Version 17
VisualStudioVersion = 17.3.32825.248
MinimumVisualStudioVersion = 10.0.40219.1
Project("{FAE04EC0-301F-11D3-BF4B-00C04F79EFBC}") = "Ultimirovau", "Ultimirovau.csproj", "{F5FF4349-0AFC-4A99-B289-78BE3FF8379C}"
EndProject
Global
	GlobalSection(SolutionConfigurationPlatforms) = preSolution
		Debug|Any CPU = Debug|Any CPU
		Release|Any CPU = Release|Any CPU
	EndGlobalSection
	GlobalSection(ProjectConfigurationPlatforms) = postSolution
		{F5FF4349-0AFC-4A99-B289-78BE3FF8379C}.Debug|Any CPU.ActiveCfg = Debug|Any CPU
		{F5FF4349-0AFC-4A99-B289-78BE3FF8379C}.Debug|Any CPU.Build.0 = Debug|Any CPU
		{F5FF4349-0AFC-4A99-B289-78BE3FF8379C}.Release|Any CPU.ActiveCfg = Release|Any CPU
		{F5FF4349-0AFC-4A99-B289-78BE3FF8379C}.Release|Any CPU.Build.0 = Release|Any CPU
	EndGlobalSection
	GlobalSection(SolutionProperties) = preSolution
		HideSolutionNode = FALSE
	EndGlobalSection
	GlobalSection(ExtensibilityGlobals) = postSolution
		SolutionGuid = {5D939C8D-3A83-48EF-AEF0-9C10E02259A5}
	EndGlobalSection
EndGlobal
